
Microsoft Visual Studio Solution File, Format Version 12.00
# Visual Studio Version 17
VisualStudioVersion = 17.0.31903.59
MinimumVisualStudioVersion = 10.0.40219.1
Project("{2150E333-8FDC-42A3-9474-1A3956D46DE8}") = "Server", "Server", "{DAD03CFC-D5FA-AC94-41C7-9ABAB326F09E}"
EndProject
Project("{2150E333-8FDC-42A3-9474-1A3956D46DE8}") = "Modules", "Modules", "{F4ED4A0B-29A1-59A5-5A4D-BC585F06471A}"
EndProject
Project("{FAE04EC0-301F-11D3-BF4B-00C04F79EFBC}") = "Auth", "Server\Modules\Auth\Auth.csproj", "{459269D7-4F68-4856-A238-97B22F314B4C}"
EndProject
Project("{2150E333-8FDC-42A3-9474-1A3956D46DE8}") = "Application", "Application", "{B0F69527-CFA6-99E6-69BF-BAD95AE232B3}"
EndProject
Project("{FAE04EC0-301F-11D3-BF4B-00C04F79EFBC}") = "Api", "Server\Application\Api\Api.csproj", "{8BFEEE34-6B3C-421E-9D16-C9B69B102BA8}"
EndProject
Project("{FAE04EC0-301F-11D3-BF4B-00C04F79EFBC}") = "Request", "Server\Modules\Request\Request.csproj", "{41B52225-B9E0-4FF1-AE3C-1FF6A41ABF19}"
EndProject
Project("{FAE04EC0-301F-11D3-BF4B-00C04F79EFBC}") = "Assets", "Server\Modules\Assets\Assets.csproj", "{46E009F5-D2BD-4C35-883E-DC124313CD67}"
EndProject
Project("{FAE04EC0-301F-11D3-BF4B-00C04F79EFBC}") = "Notification", "Server\Modules\Notification\Notification.csproj", "{C517AC9B-85F6-4046-A5BD-D6DC9984F48C}"
EndProject
Project("{2150E333-8FDC-42A3-9474-1A3956D46DE8}") = "Shared", "Shared", "{8D382B8F-4BB4-F6A7-9E0C-614D62751A58}"
EndProject
Project("{FAE04EC0-301F-11D3-BF4B-00C04F79EFBC}") = "Shared", "Server\Shared\Shared\Shared.csproj", "{B947FA35-196A-4512-8D8B-D4F6D752A876}"
EndProject
Global
	GlobalSection(SolutionConfigurationPlatforms) = preSolution
		Debug|Any CPU = Debug|Any CPU
		Debug|x64 = Debug|x64
		Debug|x86 = Debug|x86
		Release|Any CPU = Release|Any CPU
		Release|x64 = Release|x64
		Release|x86 = Release|x86
	EndGlobalSection
	GlobalSection(ProjectConfigurationPlatforms) = postSolution
		{459269D7-4F68-4856-A238-97B22F314B4C}.Debug|Any CPU.ActiveCfg = Debug|Any CPU
		{459269D7-4F68-4856-A238-97B22F314B4C}.Debug|Any CPU.Build.0 = Debug|Any CPU
		{459269D7-4F68-4856-A238-97B22F314B4C}.Debug|x64.ActiveCfg = Debug|Any CPU
		{459269D7-4F68-4856-A238-97B22F314B4C}.Debug|x64.Build.0 = Debug|Any CPU
		{459269D7-4F68-4856-A238-97B22F314B4C}.Debug|x86.ActiveCfg = Debug|Any CPU
		{459269D7-4F68-4856-A238-97B22F314B4C}.Debug|x86.Build.0 = Debug|Any CPU
		{459269D7-4F68-4856-A238-97B22F314B4C}.Release|Any CPU.ActiveCfg = Release|Any CPU
		{459269D7-4F68-4856-A238-97B22F314B4C}.Release|Any CPU.Build.0 = Release|Any CPU
		{459269D7-4F68-4856-A238-97B22F314B4C}.Release|x64.ActiveCfg = Release|Any CPU
		{459269D7-4F68-4856-A238-97B22F314B4C}.Release|x64.Build.0 = Release|Any CPU
		{459269D7-4F68-4856-A238-97B22F314B4C}.Release|x86.ActiveCfg = Release|Any CPU
		{459269D7-4F68-4856-A238-97B22F314B4C}.Release|x86.Build.0 = Release|Any CPU
		{8BFEEE34-6B3C-421E-9D16-C9B69B102BA8}.Debug|Any CPU.ActiveCfg = Debug|Any CPU
		{8BFEEE34-6B3C-421E-9D16-C9B69B102BA8}.Debug|Any CPU.Build.0 = Debug|Any CPU
		{8BFEEE34-6B3C-421E-9D16-C9B69B102BA8}.Debug|x64.ActiveCfg = Debug|Any CPU
		{8BFEEE34-6B3C-421E-9D16-C9B69B102BA8}.Debug|x64.Build.0 = Debug|Any CPU
		{8BFEEE34-6B3C-421E-9D16-C9B69B102BA8}.Debug|x86.ActiveCfg = Debug|Any CPU
		{8BFEEE34-6B3C-421E-9D16-C9B69B102BA8}.Debug|x86.Build.0 = Debug|Any CPU
		{8BFEEE34-6B3C-421E-9D16-C9B69B102BA8}.Release|Any CPU.ActiveCfg = Release|Any CPU
		{8BFEEE34-6B3C-421E-9D16-C9B69B102BA8}.Release|Any CPU.Build.0 = Release|Any CPU
		{8BFEEE34-6B3C-421E-9D16-C9B69B102BA8}.Release|x64.ActiveCfg = Release|Any CPU
		{8BFEEE34-6B3C-421E-9D16-C9B69B102BA8}.Release|x64.Build.0 = Release|Any CPU
		{8BFEEE34-6B3C-421E-9D16-C9B69B102BA8}.Release|x86.ActiveCfg = Release|Any CPU
		{8BFEEE34-6B3C-421E-9D16-C9B69B102BA8}.Release|x86.Build.0 = Release|Any CPU
		{41B52225-B9E0-4FF1-AE3C-1FF6A41ABF19}.Debug|Any CPU.ActiveCfg = Debug|Any CPU
		{41B52225-B9E0-4FF1-AE3C-1FF6A41ABF19}.Debug|Any CPU.Build.0 = Debug|Any CPU
		{41B52225-B9E0-4FF1-AE3C-1FF6A41ABF19}.Debug|x64.ActiveCfg = Debug|Any CPU
		{41B52225-B9E0-4FF1-AE3C-1FF6A41ABF19}.Debug|x64.Build.0 = Debug|Any CPU
		{41B52225-B9E0-4FF1-AE3C-1FF6A41ABF19}.Debug|x86.ActiveCfg = Debug|Any CPU
		{41B52225-B9E0-4FF1-AE3C-1FF6A41ABF19}.Debug|x86.Build.0 = Debug|Any CPU
		{41B52225-B9E0-4FF1-AE3C-1FF6A41ABF19}.Release|Any CPU.ActiveCfg = Release|Any CPU
		{41B52225-B9E0-4FF1-AE3C-1FF6A41ABF19}.Release|Any CPU.Build.0 = Release|Any CPU
		{41B52225-B9E0-4FF1-AE3C-1FF6A41ABF19}.Release|x64.ActiveCfg = Release|Any CPU
		{41B52225-B9E0-4FF1-AE3C-1FF6A41ABF19}.Release|x64.Build.0 = Release|Any CPU
		{41B52225-B9E0-4FF1-AE3C-1FF6A41ABF19}.Release|x86.ActiveCfg = Release|Any CPU
		{41B52225-B9E0-4FF1-AE3C-1FF6A41ABF19}.Release|x86.Build.0 = Release|Any CPU
		{46E009F5-D2BD-4C35-883E-DC124313CD67}.Debug|Any CPU.ActiveCfg = Debug|Any CPU
		{46E009F5-D2BD-4C35-883E-DC124313CD67}.Debug|Any CPU.Build.0 = Debug|Any CPU
		{46E009F5-D2BD-4C35-883E-DC124313CD67}.Debug|x64.ActiveCfg = Debug|Any CPU
		{46E009F5-D2BD-4C35-883E-DC124313CD67}.Debug|x64.Build.0 = Debug|Any CPU
		{46E009F5-D2BD-4C35-883E-DC124313CD67}.Debug|x86.ActiveCfg = Debug|Any CPU
		{46E009F5-D2BD-4C35-883E-DC124313CD67}.Debug|x86.Build.0 = Debug|Any CPU
		{46E009F5-D2BD-4C35-883E-DC124313CD67}.Release|Any CPU.ActiveCfg = Release|Any CPU
		{46E009F5-D2BD-4C35-883E-DC124313CD67}.Release|Any CPU.Build.0 = Release|Any CPU
		{46E009F5-D2BD-4C35-883E-DC124313CD67}.Release|x64.ActiveCfg = Release|Any CPU
		{46E009F5-D2BD-4C35-883E-DC124313CD67}.Release|x64.Build.0 = Release|Any CPU
		{46E009F5-D2BD-4C35-883E-DC124313CD67}.Release|x86.ActiveCfg = Release|Any CPU
		{46E009F5-D2BD-4C35-883E-DC124313CD67}.Release|x86.Build.0 = Release|Any CPU
		{C517AC9B-85F6-4046-A5BD-D6DC9984F48C}.Debug|Any CPU.ActiveCfg = Debug|Any CPU
		{C517AC9B-85F6-4046-A5BD-D6DC9984F48C}.Debug|Any CPU.Build.0 = Debug|Any CPU
		{C517AC9B-85F6-4046-A5BD-D6DC9984F48C}.Debug|x64.ActiveCfg = Debug|Any CPU
		{C517AC9B-85F6-4046-A5BD-D6DC9984F48C}.Debug|x64.Build.0 = Debug|Any CPU
		{C517AC9B-85F6-4046-A5BD-D6DC9984F48C}.Debug|x86.ActiveCfg = Debug|Any CPU
		{C517AC9B-85F6-4046-A5BD-D6DC9984F48C}.Debug|x86.Build.0 = Debug|Any CPU
		{C517AC9B-85F6-4046-A5BD-D6DC9984F48C}.Release|Any CPU.ActiveCfg = Release|Any CPU
		{C517AC9B-85F6-4046-A5BD-D6DC9984F48C}.Release|Any CPU.Build.0 = Release|Any CPU
		{C517AC9B-85F6-4046-A5BD-D6DC9984F48C}.Release|x64.ActiveCfg = Release|Any CPU
		{C517AC9B-85F6-4046-A5BD-D6DC9984F48C}.Release|x64.Build.0 = Release|Any CPU
		{C517AC9B-85F6-4046-A5BD-D6DC9984F48C}.Release|x86.ActiveCfg = Release|Any CPU
		{C517AC9B-85F6-4046-A5BD-D6DC9984F48C}.Release|x86.Build.0 = Release|Any CPU
		{B947FA35-196A-4512-8D8B-D4F6D752A876}.Debug|Any CPU.ActiveCfg = Debug|Any CPU
		{B947FA35-196A-4512-8D8B-D4F6D752A876}.Debug|Any CPU.Build.0 = Debug|Any CPU
		{B947FA35-196A-4512-8D8B-D4F6D752A876}.Debug|x64.ActiveCfg = Debug|Any CPU
		{B947FA35-196A-4512-8D8B-D4F6D752A876}.Debug|x64.Build.0 = Debug|Any CPU
		{B947FA35-196A-4512-8D8B-D4F6D752A876}.Debug|x86.ActiveCfg = Debug|Any CPU
		{B947FA35-196A-4512-8D8B-D4F6D752A876}.Debug|x86.Build.0 = Debug|Any CPU
		{B947FA35-196A-4512-8D8B-D4F6D752A876}.Release|Any CPU.ActiveCfg = Release|Any CPU
		{B947FA35-196A-4512-8D8B-D4F6D752A876}.Release|Any CPU.Build.0 = Release|Any CPU
		{B947FA35-196A-4512-8D8B-D4F6D752A876}.Release|x64.ActiveCfg = Release|Any CPU
		{B947FA35-196A-4512-8D8B-D4F6D752A876}.Release|x64.Build.0 = Release|Any CPU
		{B947FA35-196A-4512-8D8B-D4F6D752A876}.Release|x86.ActiveCfg = Release|Any CPU
		{B947FA35-196A-4512-8D8B-D4F6D752A876}.Release|x86.Build.0 = Release|Any CPU
	EndGlobalSection
	GlobalSection(SolutionProperties) = preSolution
		HideSolutionNode = FALSE
	EndGlobalSection
	GlobalSection(NestedProjects) = preSolution
		{F4ED4A0B-29A1-59A5-5A4D-BC585F06471A} = {DAD03CFC-D5FA-AC94-41C7-9ABAB326F09E}
		{459269D7-4F68-4856-A238-97B22F314B4C} = {F4ED4A0B-29A1-59A5-5A4D-BC585F06471A}
		{B0F69527-CFA6-99E6-69BF-BAD95AE232B3} = {DAD03CFC-D5FA-AC94-41C7-9ABAB326F09E}
		{8BFEEE34-6B3C-421E-9D16-C9B69B102BA8} = {B0F69527-CFA6-99E6-69BF-BAD95AE232B3}
		{41B52225-B9E0-4FF1-AE3C-1FF6A41ABF19} = {F4ED4A0B-29A1-59A5-5A4D-BC585F06471A}
		{46E009F5-D2BD-4C35-883E-DC124313CD67} = {F4ED4A0B-29A1-59A5-5A4D-BC585F06471A}
		{C517AC9B-85F6-4046-A5BD-D6DC9984F48C} = {F4ED4A0B-29A1-59A5-5A4D-BC585F06471A}
		{8D382B8F-4BB4-F6A7-9E0C-614D62751A58} = {DAD03CFC-D5FA-AC94-41C7-9ABAB326F09E}
		{B947FA35-196A-4512-8D8B-D4F6D752A876} = {8D382B8F-4BB4-F6A7-9E0C-614D62751A58}
	EndGlobalSection
EndGlobal
