
Microsoft Visual Studio Solution File, Format Version 12.00
# Visual Studio Version 17
VisualStudioVersion = 17.0.31903.59
MinimumVisualStudioVersion = 10.0.40219.1
Project("{2150E333-8FDC-42A3-9474-1A3956D46DE8}") = "Server", "Server", "{DAD03CFC-D5FA-AC94-41C7-9ABAB326F09E}"
EndProject
Project("{2150E333-8FDC-42A3-9474-1A3956D46DE8}") = "Modules", "Modules", "{F4ED4A0B-29A1-59A5-5A4D-BC585F06471A}"
EndProject
Project("{2150E333-8FDC-42A3-9474-1A3956D46DE8}") = "Application", "Application", "{B0F69527-CFA6-99E6-69BF-BAD95AE232B3}"
EndProject
Project("{FAE04EC0-301F-11D3-BF4B-00C04F79EFBC}") = "Api", "Server\Application\Api\Api.csproj", "{8BFEEE34-6B3C-421E-9D16-C9B69B102BA8}"
EndProject
Project("{2150E333-8FDC-42A3-9474-1A3956D46DE8}") = "Shared", "Shared", "{8D382B8F-4BB4-F6A7-9E0C-614D62751A58}"
EndProject
Project("{FAE04EC0-301F-11D3-BF4B-00C04F79EFBC}") = "Shared", "Server\Shared\Shared\Shared.csproj", "{B947FA35-196A-4512-8D8B-D4F6D752A876}"
EndProject
Project("{2150E333-8FDC-42A3-9474-1A3956D46DE8}") = "Asset", "Asset", "{BF7EB140-D879-EAB6-7E92-3B1FE6819C53}"
EndProject
Project("{FAE04EC0-301F-11D3-BF4B-00C04F79EFBC}") = "Asset", "Server\Modules\Asset\Asset\Asset.csproj", "{D966EC33-B165-422C-BEEF-CE6432C123BE}"
EndProject
Project("{FAE04EC0-301F-11D3-BF4B-00C04F79EFBC}") = "Asset.Contracts", "Server\Modules\Asset\Asset.Contracts\Asset.Contracts.csproj", "{6A3F46BA-192A-48A9-9E8A-2B9A3500F252}"
EndProject
Project("{2150E333-8FDC-42A3-9474-1A3956D46DE8}") = "Parameter", "Parameter", "{FAED1619-4805-76B4-ACD9-849170193D74}"
EndProject
Project("{FAE04EC0-301F-11D3-BF4B-00C04F79EFBC}") = "Parameter", "Server\Modules\Parameter\Parameter\Parameter.csproj", "{F5866464-694C-408F-B745-B0D3EC89740D}"
EndProject
Project("{2150E333-8FDC-42A3-9474-1A3956D46DE8}") = "Request", "Request", "{0D834F3A-B3BC-772F-88BC-BBB4999B45FC}"
EndProject
Project("{FAE04EC0-301F-11D3-BF4B-00C04F79EFBC}") = "Reauest", "Server\Modules\Request\Reauest\Reauest.csproj", "{0E2C1B35-48AD-4520-96CD-8F3A7B20568A}"
EndProject
Global
	GlobalSection(SolutionConfigurationPlatforms) = preSolution
		Debug|Any CPU = Debug|Any CPU
		Debug|x64 = Debug|x64
		Debug|x86 = Debug|x86
		Release|Any CPU = Release|Any CPU
		Release|x64 = Release|x64
		Release|x86 = Release|x86
	EndGlobalSection
	GlobalSection(ProjectConfigurationPlatforms) = postSolution
		{8BFEEE34-6B3C-421E-9D16-C9B69B102BA8}.Debug|Any CPU.ActiveCfg = Debug|Any CPU
		{8BFEEE34-6B3C-421E-9D16-C9B69B102BA8}.Debug|Any CPU.Build.0 = Debug|Any CPU
		{8BFEEE34-6B3C-421E-9D16-C9B69B102BA8}.Debug|x64.ActiveCfg = Debug|Any CPU
		{8BFEEE34-6B3C-421E-9D16-C9B69B102BA8}.Debug|x64.Build.0 = Debug|Any CPU
		{8BFEEE34-6B3C-421E-9D16-C9B69B102BA8}.Debug|x86.ActiveCfg = Debug|Any CPU
		{8BFEEE34-6B3C-421E-9D16-C9B69B102BA8}.Debug|x86.Build.0 = Debug|Any CPU
		{8BFEEE34-6B3C-421E-9D16-C9B69B102BA8}.Release|Any CPU.ActiveCfg = Release|Any CPU
		{8BFEEE34-6B3C-421E-9D16-C9B69B102BA8}.Release|Any CPU.Build.0 = Release|Any CPU
		{8BFEEE34-6B3C-421E-9D16-C9B69B102BA8}.Release|x64.ActiveCfg = Release|Any CPU
		{8BFEEE34-6B3C-421E-9D16-C9B69B102BA8}.Release|x64.Build.0 = Release|Any CPU
		{8BFEEE34-6B3C-421E-9D16-C9B69B102BA8}.Release|x86.ActiveCfg = Release|Any CPU
		{8BFEEE34-6B3C-421E-9D16-C9B69B102BA8}.Release|x86.Build.0 = Release|Any CPU
		{B947FA35-196A-4512-8D8B-D4F6D752A876}.Debug|Any CPU.ActiveCfg = Debug|Any CPU
		{B947FA35-196A-4512-8D8B-D4F6D752A876}.Debug|Any CPU.Build.0 = Debug|Any CPU
		{B947FA35-196A-4512-8D8B-D4F6D752A876}.Debug|x64.ActiveCfg = Debug|Any CPU
		{B947FA35-196A-4512-8D8B-D4F6D752A876}.Debug|x64.Build.0 = Debug|Any CPU
		{B947FA35-196A-4512-8D8B-D4F6D752A876}.Debug|x86.ActiveCfg = Debug|Any CPU
		{B947FA35-196A-4512-8D8B-D4F6D752A876}.Debug|x86.Build.0 = Debug|Any CPU
		{B947FA35-196A-4512-8D8B-D4F6D752A876}.Release|Any CPU.ActiveCfg = Release|Any CPU
		{B947FA35-196A-4512-8D8B-D4F6D752A876}.Release|Any CPU.Build.0 = Release|Any CPU
		{B947FA35-196A-4512-8D8B-D4F6D752A876}.Release|x64.ActiveCfg = Release|Any CPU
		{B947FA35-196A-4512-8D8B-D4F6D752A876}.Release|x64.Build.0 = Release|Any CPU
		{B947FA35-196A-4512-8D8B-D4F6D752A876}.Release|x86.ActiveCfg = Release|Any CPU
		{B947FA35-196A-4512-8D8B-D4F6D752A876}.Release|x86.Build.0 = Release|Any CPU
		{D966EC33-B165-422C-BEEF-CE6432C123BE}.Debug|Any CPU.ActiveCfg = Debug|Any CPU
		{D966EC33-B165-422C-BEEF-CE6432C123BE}.Debug|Any CPU.Build.0 = Debug|Any CPU
		{D966EC33-B165-422C-BEEF-CE6432C123BE}.Debug|x64.ActiveCfg = Debug|Any CPU
		{D966EC33-B165-422C-BEEF-CE6432C123BE}.Debug|x64.Build.0 = Debug|Any CPU
		{D966EC33-B165-422C-BEEF-CE6432C123BE}.Debug|x86.ActiveCfg = Debug|Any CPU
		{D966EC33-B165-422C-BEEF-CE6432C123BE}.Debug|x86.Build.0 = Debug|Any CPU
		{D966EC33-B165-422C-BEEF-CE6432C123BE}.Release|Any CPU.ActiveCfg = Release|Any CPU
		{D966EC33-B165-422C-BEEF-CE6432C123BE}.Release|Any CPU.Build.0 = Release|Any CPU
		{D966EC33-B165-422C-BEEF-CE6432C123BE}.Release|x64.ActiveCfg = Release|Any CPU
		{D966EC33-B165-422C-BEEF-CE6432C123BE}.Release|x64.Build.0 = Release|Any CPU
		{D966EC33-B165-422C-BEEF-CE6432C123BE}.Release|x86.ActiveCfg = Release|Any CPU
		{D966EC33-B165-422C-BEEF-CE6432C123BE}.Release|x86.Build.0 = Release|Any CPU
		{6A3F46BA-192A-48A9-9E8A-2B9A3500F252}.Debug|Any CPU.ActiveCfg = Debug|Any CPU
		{6A3F46BA-192A-48A9-9E8A-2B9A3500F252}.Debug|Any CPU.Build.0 = Debug|Any CPU
		{6A3F46BA-192A-48A9-9E8A-2B9A3500F252}.Debug|x64.ActiveCfg = Debug|Any CPU
		{6A3F46BA-192A-48A9-9E8A-2B9A3500F252}.Debug|x64.Build.0 = Debug|Any CPU
		{6A3F46BA-192A-48A9-9E8A-2B9A3500F252}.Debug|x86.ActiveCfg = Debug|Any CPU
		{6A3F46BA-192A-48A9-9E8A-2B9A3500F252}.Debug|x86.Build.0 = Debug|Any CPU
		{6A3F46BA-192A-48A9-9E8A-2B9A3500F252}.Release|Any CPU.ActiveCfg = Release|Any CPU
		{6A3F46BA-192A-48A9-9E8A-2B9A3500F252}.Release|Any CPU.Build.0 = Release|Any CPU
		{6A3F46BA-192A-48A9-9E8A-2B9A3500F252}.Release|x64.ActiveCfg = Release|Any CPU
		{6A3F46BA-192A-48A9-9E8A-2B9A3500F252}.Release|x64.Build.0 = Release|Any CPU
		{6A3F46BA-192A-48A9-9E8A-2B9A3500F252}.Release|x86.ActiveCfg = Release|Any CPU
		{6A3F46BA-192A-48A9-9E8A-2B9A3500F252}.Release|x86.Build.0 = Release|Any CPU
		{F5866464-694C-408F-B745-B0D3EC89740D}.Debug|Any CPU.ActiveCfg = Debug|Any CPU
		{F5866464-694C-408F-B745-B0D3EC89740D}.Debug|Any CPU.Build.0 = Debug|Any CPU
		{F5866464-694C-408F-B745-B0D3EC89740D}.Debug|x64.ActiveCfg = Debug|Any CPU
		{F5866464-694C-408F-B745-B0D3EC89740D}.Debug|x64.Build.0 = Debug|Any CPU
		{F5866464-694C-408F-B745-B0D3EC89740D}.Debug|x86.ActiveCfg = Debug|Any CPU
		{F5866464-694C-408F-B745-B0D3EC89740D}.Debug|x86.Build.0 = Debug|Any CPU
		{F5866464-694C-408F-B745-B0D3EC89740D}.Release|Any CPU.ActiveCfg = Release|Any CPU
		{F5866464-694C-408F-B745-B0D3EC89740D}.Release|Any CPU.Build.0 = Release|Any CPU
		{F5866464-694C-408F-B745-B0D3EC89740D}.Release|x64.ActiveCfg = Release|Any CPU
		{F5866464-694C-408F-B745-B0D3EC89740D}.Release|x64.Build.0 = Release|Any CPU
		{F5866464-694C-408F-B745-B0D3EC89740D}.Release|x86.ActiveCfg = Release|Any CPU
		{F5866464-694C-408F-B745-B0D3EC89740D}.Release|x86.Build.0 = Release|Any CPU
		{0E2C1B35-48AD-4520-96CD-8F3A7B20568A}.Debug|Any CPU.ActiveCfg = Debug|Any CPU
		{0E2C1B35-48AD-4520-96CD-8F3A7B20568A}.Debug|Any CPU.Build.0 = Debug|Any CPU
		{0E2C1B35-48AD-4520-96CD-8F3A7B20568A}.Debug|x64.ActiveCfg = Debug|Any CPU
		{0E2C1B35-48AD-4520-96CD-8F3A7B20568A}.Debug|x64.Build.0 = Debug|Any CPU
		{0E2C1B35-48AD-4520-96CD-8F3A7B20568A}.Debug|x86.ActiveCfg = Debug|Any CPU
		{0E2C1B35-48AD-4520-96CD-8F3A7B20568A}.Debug|x86.Build.0 = Debug|Any CPU
		{0E2C1B35-48AD-4520-96CD-8F3A7B20568A}.Release|Any CPU.ActiveCfg = Release|Any CPU
		{0E2C1B35-48AD-4520-96CD-8F3A7B20568A}.Release|Any CPU.Build.0 = Release|Any CPU
		{0E2C1B35-48AD-4520-96CD-8F3A7B20568A}.Release|x64.ActiveCfg = Release|Any CPU
		{0E2C1B35-48AD-4520-96CD-8F3A7B20568A}.Release|x64.Build.0 = Release|Any CPU
		{0E2C1B35-48AD-4520-96CD-8F3A7B20568A}.Release|x86.ActiveCfg = Release|Any CPU
		{0E2C1B35-48AD-4520-96CD-8F3A7B20568A}.Release|x86.Build.0 = Release|Any CPU
	EndGlobalSection
	GlobalSection(SolutionProperties) = preSolution
		HideSolutionNode = FALSE
	EndGlobalSection
	GlobalSection(NestedProjects) = preSolution
		{F4ED4A0B-29A1-59A5-5A4D-BC585F06471A} = {DAD03CFC-D5FA-AC94-41C7-9ABAB326F09E}
		{B0F69527-CFA6-99E6-69BF-BAD95AE232B3} = {DAD03CFC-D5FA-AC94-41C7-9ABAB326F09E}
		{8BFEEE34-6B3C-421E-9D16-C9B69B102BA8} = {B0F69527-CFA6-99E6-69BF-BAD95AE232B3}
		{8D382B8F-4BB4-F6A7-9E0C-614D62751A58} = {DAD03CFC-D5FA-AC94-41C7-9ABAB326F09E}
		{B947FA35-196A-4512-8D8B-D4F6D752A876} = {8D382B8F-4BB4-F6A7-9E0C-614D62751A58}
		{BF7EB140-D879-EAB6-7E92-3B1FE6819C53} = {F4ED4A0B-29A1-59A5-5A4D-BC585F06471A}
		{D966EC33-B165-422C-BEEF-CE6432C123BE} = {BF7EB140-D879-EAB6-7E92-3B1FE6819C53}
		{6A3F46BA-192A-48A9-9E8A-2B9A3500F252} = {BF7EB140-D879-EAB6-7E92-3B1FE6819C53}
		{FAED1619-4805-76B4-ACD9-849170193D74} = {F4ED4A0B-29A1-59A5-5A4D-BC585F06471A}
		{F5866464-694C-408F-B745-B0D3EC89740D} = {FAED1619-4805-76B4-ACD9-849170193D74}
		{0D834F3A-B3BC-772F-88BC-BBB4999B45FC} = {F4ED4A0B-29A1-59A5-5A4D-BC585F06471A}
		{0E2C1B35-48AD-4520-96CD-8F3A7B20568A} = {0D834F3A-B3BC-772F-88BC-BBB4999B45FC}
	EndGlobalSection
EndGlobal
